Microsoft Visual Studio Solution File, Format Version 12.00
# Visual Studio 15
VisualStudioVersion = 15.0.26403.0
MinimumVisualStudioVersion = 10.0.40219.1
Project("{9A19103F-16F7-4668-BE54-9A1E7A4F7556}") = "DebugTest", "DebugTest\DebugTest.csproj", "{3D1BFC0A-906A-479F-B7A1-5F55251D921E}"
EndProject
Project("{9A19103F-16F7-4668-BE54-9A1E7A4F7556}") = "CorApi.NetCore2", "CorApi\CorApi.NetCore2.csproj", "{93144A70-F391-4934-9304-FC5C508CD56F}"
EndProject
Project("{9A19103F-16F7-4668-BE54-9A1E7A4F7556}") = "CorApi2.NetCore2", "CorApi2\CorApi2.NetCore2.csproj", "{7EFB2745-F1E5-4FAC-84A2-AF4AE9275EC2}"
EndProject
Project("{9A19103F-16F7-4668-BE54-9A1E7A4F7556}") = "Mono.Debugging.NetCore2", "Mono.Debugging\Mono.Debugging.NetCore2.csproj", "{FF0F2FA6-813C-468B-B6D1-8A0532AA4C4C}"
EndProject
Project("{9A19103F-16F7-4668-BE54-9A1E7A4F7556}") = "Mono.Debugging.Win32.NetCore2", "Mono.Debugging.Win32\Mono.Debugging.Win32.NetCore2.csproj", "{0B72BCA1-2481-43A8-91D6-238E02AB399A}"
EndProject
Global
	GlobalSection(SolutionConfigurationPlatforms) = preSolution
		Debug|Any CPU = Debug|Any CPU
		Release|Any CPU = Release|Any CPU
	EndGlobalSection
	GlobalSection(ProjectConfigurationPlatforms) = postSolution
		{3D1BFC0A-906A-479F-B7A1-5F55251D921E}.Debug|Any CPU.ActiveCfg = Debug|Any CPU
		{3D1BFC0A-906A-479F-B7A1-5F55251D921E}.Debug|Any CPU.Build.0 = Debug|Any CPU
		{3D1BFC0A-906A-479F-B7A1-5F55251D921E}.Release|Any CPU.ActiveCfg = Release|Any CPU
		{3D1BFC0A-906A-479F-B7A1-5F55251D921E}.Release|Any CPU.Build.0 = Release|Any CPU
		{93144A70-F391-4934-9304-FC5C508CD56F}.Debug|Any CPU.ActiveCfg = Debug|Any CPU
		{93144A70-F391-4934-9304-FC5C508CD56F}.Debug|Any CPU.Build.0 = Debug|Any CPU
		{93144A70-F391-4934-9304-FC5C508CD56F}.Release|Any CPU.ActiveCfg = Release|Any CPU
		{93144A70-F391-4934-9304-FC5C508CD56F}.Release|Any CPU.Build.0 = Release|Any CPU
		{7EFB2745-F1E5-4FAC-84A2-AF4AE9275EC2}.Debug|Any CPU.ActiveCfg = Debug|Any CPU
		{7EFB2745-F1E5-4FAC-84A2-AF4AE9275EC2}.Debug|Any CPU.Build.0 = Debug|Any CPU
		{7EFB2745-F1E5-4FAC-84A2-AF4AE9275EC2}.Release|Any CPU.ActiveCfg = Release|Any CPU
		{7EFB2745-F1E5-4FAC-84A2-AF4AE9275EC2}.Release|Any CPU.Build.0 = Release|Any CPU
		{FF0F2FA6-813C-468B-B6D1-8A0532AA4C4C}.Debug|Any CPU.ActiveCfg = Debug|Any CPU
		{FF0F2FA6-813C-468B-B6D1-8A0532AA4C4C}.Debug|Any CPU.Build.0 = Debug|Any CPU
		{FF0F2FA6-813C-468B-B6D1-8A0532AA4C4C}.Release|Any CPU.ActiveCfg = Release|Any CPU
		{FF0F2FA6-813C-468B-B6D1-8A0532AA4C4C}.Release|Any CPU.Build.0 = Release|Any CPU
		{0B72BCA1-2481-43A8-91D6-238E02AB399A}.Debug|Any CPU.ActiveCfg = Debug|Any CPU
		{0B72BCA1-2481-43A8-91D6-238E02AB399A}.Debug|Any CPU.Build.0 = Debug|Any CPU
		{0B72BCA1-2481-43A8-91D6-238E02AB399A}.Release|Any CPU.ActiveCfg = Release|Any CPU
		{0B72BCA1-2481-43A8-91D6-238E02AB399A}.Release|Any CPU.Build.0 = Release|Any CPU
	EndGlobalSection
	GlobalSection(SolutionProperties) = preSolution
		HideSolutionNode = FALSE
	EndGlobalSection
EndGlobal
